
Microsoft Visual Studio Solution File, Format Version 12.00
# Visual Studio Version 17
VisualStudioVersion = 17.0.31903.59
MinimumVisualStudioVersion = 10.0.40219.1
Project("{FAE04EC0-301F-11D3-BF4B-00C04F79EFBC}") = "ApplicantManagement.Domain", "ApplicantManagement.Domain\ApplicantManagement.Domain.csproj", "{F1954933-1CBA-40E5-8F8D-CA8D46B607B6}"
EndProject
Project("{FAE04EC0-301F-11D3-BF4B-00C04F79EFBC}") = "ApplicantManagement.Application", "ApplicantManagement.Application\ApplicantManagement.Application.csproj", "{18A7FB8D-A4EA-49DB-899C-312DC6F2AC16}"
EndProject
Project("{FAE04EC0-301F-11D3-BF4B-00C04F79EFBC}") = "ApplicantManagement.Infrastructure", "ApplicantManagement.Infrastructure\ApplicantManagement.Infrastructure.csproj", "{A55F79CB-39E8-4100-AF50-5F92D1599035}"
EndProject
Project("{FAE04EC0-301F-11D3-BF4B-00C04F79EFBC}") = "ApplicantManagement.API", "ApplicantManagement.API\ApplicantManagement.API.csproj", "{6B3DE6E6-C196-45D7-8E8E-B5D64703C44E}"
EndProject
Global
	GlobalSection(SolutionConfigurationPlatforms) = preSolution
		Debug|Any CPU = Debug|Any CPU
		Release|Any CPU = Release|Any CPU
	EndGlobalSection
	GlobalSection(SolutionProperties) = preSolution
		HideSolutionNode = FALSE
	EndGlobalSection
	GlobalSection(ProjectConfigurationPlatforms) = postSolution
		{F1954933-1CBA-40E5-8F8D-CA8D46B607B6}.Debug|Any CPU.ActiveCfg = Debug|Any CPU
		{F1954933-1CBA-40E5-8F8D-CA8D46B607B6}.Debug|Any CPU.Build.0 = Debug|Any CPU
		{F1954933-1CBA-40E5-8F8D-CA8D46B607B6}.Release|Any CPU.ActiveCfg = Release|Any CPU
		{F1954933-1CBA-40E5-8F8D-CA8D46B607B6}.Release|Any CPU.Build.0 = Release|Any CPU
		{18A7FB8D-A4EA-49DB-899C-312DC6F2AC16}.Debug|Any CPU.ActiveCfg = Debug|Any CPU
		{18A7FB8D-A4EA-49DB-899C-312DC6F2AC16}.Debug|Any CPU.Build.0 = Debug|Any CPU
		{18A7FB8D-A4EA-49DB-899C-312DC6F2AC16}.Release|Any CPU.ActiveCfg = Release|Any CPU
		{18A7FB8D-A4EA-49DB-899C-312DC6F2AC16}.Release|Any CPU.Build.0 = Release|Any CPU
		{A55F79CB-39E8-4100-AF50-5F92D1599035}.Debug|Any CPU.ActiveCfg = Debug|Any CPU
		{A55F79CB-39E8-4100-AF50-5F92D1599035}.Debug|Any CPU.Build.0 = Debug|Any CPU
		{A55F79CB-39E8-4100-AF50-5F92D1599035}.Release|Any CPU.ActiveCfg = Release|Any CPU
		{A55F79CB-39E8-4100-AF50-5F92D1599035}.Release|Any CPU.Build.0 = Release|Any CPU
		{6B3DE6E6-C196-45D7-8E8E-B5D64703C44E}.Debug|Any CPU.ActiveCfg = Debug|Any CPU
		{6B3DE6E6-C196-45D7-8E8E-B5D64703C44E}.Debug|Any CPU.Build.0 = Debug|Any CPU
		{6B3DE6E6-C196-45D7-8E8E-B5D64703C44E}.Release|Any CPU.ActiveCfg = Release|Any CPU
		{6B3DE6E6-C196-45D7-8E8E-B5D64703C44E}.Release|Any CPU.Build.0 = Release|Any CPU
	EndGlobalSection
EndGlobal
